{
  "name": "baby-tea",
  "version": "5.0.0",
  "lockfileVersion": 3,
  "requires": true,
  "packages": {
    "": {
      "name": "baby-tea",
      "version": "5.0.0",
      "license": "ISC",
      "dependencies": {
        "baby-tea": "^5.0.0"
      }
    },
    "node_modules/baby-tea": {
      "version": "5.0.0",
      "resolved": "https://registry.npmjs.org/baby-tea/-/baby-tea-5.0.0.tgz",
      "integrity": "sha512-DEetn3StvLbb3hqOJ6JrPaKq+0na1R4o5x+Zqfv9ZnwKkrTQrhsyvXxj0eEXb6pMfCxuOBBuGaIYqp5uYAWa9g=="
    }
  }
}
